
Microsoft Visual Studio Solution File, Format Version 12.00
# Visual Studio Version 17
VisualStudioVersion = 17.14.36429.23
MinimumVisualStudioVersion = 10.0.40219.1
Project("{FAE04EC0-301F-11D3-BF4B-00C04F79EFBC}") = "TelegramBot.Domain", "TelegramBot.Domain\TelegramBot.Domain.csproj", "{99D28722-3F16-4F24-B99F-54964B01D70C}"
EndProject
Project("{FAE04EC0-301F-11D3-BF4B-00C04F79EFBC}") = "TelegramBot.Infra.Data", "TelegramBot.Infra.Data\TelegramBot.Infra.Data.csproj", "{38542231-769C-4E60-98BA-D1D86E95C0D4}"
EndProject
Project("{FAE04EC0-301F-11D3-BF4B-00C04F79EFBC}") = "TelegramBot.Infra.Ioc", "TelegramBot.Infra.Ioc\TelegramBot.Infra.Ioc.csproj", "{E1B8C066-37E3-4828-9540-8FC3F4F8A127}"
EndProject
Project("{FAE04EC0-301F-11D3-BF4B-00C04F79EFBC}") = "TelegramBot.Core", "TelegramBot.Core\TelegramBot.Core.csproj", "{28F5FBEA-01F8-480D-AF62-1B919F5AEC42}"
EndProject
Project("{FAE04EC0-301F-11D3-BF4B-00C04F79EFBC}") = "TelegramBot.Api", "TelegramBot.Api\TelegramBot.Api.csproj", "{54DF248B-7471-4B51-9AFB-96ED2C43583D}"
EndProject
Project("{FAE04EC0-301F-11D3-BF4B-00C04F79EFBC}") = "TelegramBot.AppHost", "TelegramBot.AppHost\TelegramBot.AppHost.csproj", "{E0EE3596-C6C8-4092-844D-042CC542CCBC}"
EndProject
Global
	GlobalSection(SolutionConfigurationPlatforms) = preSolution
		Debug|Any CPU = Debug|Any CPU
		Release|Any CPU = Release|Any CPU
	EndGlobalSection
	GlobalSection(ProjectConfigurationPlatforms) = postSolution
		{99D28722-3F16-4F24-B99F-54964B01D70C}.Debug|Any CPU.ActiveCfg = Debug|Any CPU
		{99D28722-3F16-4F24-B99F-54964B01D70C}.Debug|Any CPU.Build.0 = Debug|Any CPU
		{99D28722-3F16-4F24-B99F-54964B01D70C}.Release|Any CPU.ActiveCfg = Release|Any CPU
		{99D28722-3F16-4F24-B99F-54964B01D70C}.Release|Any CPU.Build.0 = Release|Any CPU
		{38542231-769C-4E60-98BA-D1D86E95C0D4}.Debug|Any CPU.ActiveCfg = Debug|Any CPU
		{38542231-769C-4E60-98BA-D1D86E95C0D4}.Debug|Any CPU.Build.0 = Debug|Any CPU
		{38542231-769C-4E60-98BA-D1D86E95C0D4}.Release|Any CPU.ActiveCfg = Release|Any CPU
		{38542231-769C-4E60-98BA-D1D86E95C0D4}.Release|Any CPU.Build.0 = Release|Any CPU
		{E1B8C066-37E3-4828-9540-8FC3F4F8A127}.Debug|Any CPU.ActiveCfg = Debug|Any CPU
		{E1B8C066-37E3-4828-9540-8FC3F4F8A127}.Debug|Any CPU.Build.0 = Debug|Any CPU
		{E1B8C066-37E3-4828-9540-8FC3F4F8A127}.Release|Any CPU.ActiveCfg = Release|Any CPU
		{E1B8C066-37E3-4828-9540-8FC3F4F8A127}.Release|Any CPU.Build.0 = Release|Any CPU
		{28F5FBEA-01F8-480D-AF62-1B919F5AEC42}.Debug|Any CPU.ActiveCfg = Debug|Any CPU
		{28F5FBEA-01F8-480D-AF62-1B919F5AEC42}.Debug|Any CPU.Build.0 = Debug|Any CPU
		{28F5FBEA-01F8-480D-AF62-1B919F5AEC42}.Release|Any CPU.ActiveCfg = Release|Any CPU
		{28F5FBEA-01F8-480D-AF62-1B919F5AEC42}.Release|Any CPU.Build.0 = Release|Any CPU
		{54DF248B-7471-4B51-9AFB-96ED2C43583D}.Debug|Any CPU.ActiveCfg = Debug|Any CPU
		{54DF248B-7471-4B51-9AFB-96ED2C43583D}.Debug|Any CPU.Build.0 = Debug|Any CPU
		{54DF248B-7471-4B51-9AFB-96ED2C43583D}.Release|Any CPU.ActiveCfg = Release|Any CPU
		{54DF248B-7471-4B51-9AFB-96ED2C43583D}.Release|Any CPU.Build.0 = Release|Any CPU
		{E0EE3596-C6C8-4092-844D-042CC542CCBC}.Debug|Any CPU.ActiveCfg = Debug|Any CPU
		{E0EE3596-C6C8-4092-844D-042CC542CCBC}.Debug|Any CPU.Build.0 = Debug|Any CPU
		{E0EE3596-C6C8-4092-844D-042CC542CCBC}.Release|Any CPU.ActiveCfg = Release|Any CPU
		{E0EE3596-C6C8-4092-844D-042CC542CCBC}.Release|Any CPU.Build.0 = Release|Any CPU
	EndGlobalSection
	GlobalSection(SolutionProperties) = preSolution
		HideSolutionNode = FALSE
	EndGlobalSection
	GlobalSection(ExtensibilityGlobals) = postSolution
		SolutionGuid = {7F98D89C-AF28-42D4-9CB2-58E16F634976}
	EndGlobalSection
EndGlobal
